
Microsoft Visual Studio Solution File, Format Version 12.00
# Visual Studio Version 17
VisualStudioVersion = 17.8.34525.116
MinimumVisualStudioVersion = 10.0.40219.1
Project("{FAE04EC0-301F-11D3-BF4B-00C04F79EFBC}") = "PizzaPlace", "PizzaPlace\PizzaPlace.csproj", "{1E810D20-2A5D-4A3F-AD70-A6DE71A13866}"
EndProject
Global
	GlobalSection(SolutionConfigurationPlatforms) = preSolution
		Debug|Any CPU = Debug|Any CPU
		Release|Any CPU = Release|Any CPU
	EndGlobalSection
	GlobalSection(ProjectConfigurationPlatforms) = postSolution
		{1E810D20-2A5D-4A3F-AD70-A6DE71A13866}.Debug|Any CPU.ActiveCfg = Debug|Any CPU
		{1E810D20-2A5D-4A3F-AD70-A6DE71A13866}.Debug|Any CPU.Build.0 = Debug|Any CPU
		{1E810D20-2A5D-4A3F-AD70-A6DE71A13866}.Release|Any CPU.ActiveCfg = Release|Any CPU
		{1E810D20-2A5D-4A3F-AD70-A6DE71A13866}.Release|Any CPU.Build.0 = Release|Any CPU
	EndGlobalSection
	GlobalSection(SolutionProperties) = preSolution
		HideSolutionNode = FALSE
	EndGlobalSection
	GlobalSection(ExtensibilityGlobals) = postSolution
		SolutionGuid = {0179DDB8-E164-4B9D-ADA2-F617925A7C32}
	EndGlobalSection
EndGlobal
